
Microsoft Visual Studio Solution File, Format Version 12.00
# Visual Studio Version 16
VisualStudioVersion = 16.0.31515.178
MinimumVisualStudioVersion = 10.0.40219.1
Project("{FAE04EC0-301F-11D3-BF4B-00C04F79EFBC}") = "WordCountAPI", "WordCountAPI\WordCountAPI.csproj", "{228DDF0B-CFB4-42AA-89AC-7E26BEF62195}"
EndProject
Project("{FAE04EC0-301F-11D3-BF4B-00C04F79EFBC}") = "WordCountClient", "WordCountClient\WordCountClient.csproj", "{C744D94B-BB8E-447C-B46A-B20BC2D0F31F}"
EndProject
Global
	GlobalSection(SolutionConfigurationPlatforms) = preSolution
		Debug|Any CPU = Debug|Any CPU
		Release|Any CPU = Release|Any CPU
	EndGlobalSection
	GlobalSection(ProjectConfigurationPlatforms) = postSolution
		{228DDF0B-CFB4-42AA-89AC-7E26BEF62195}.Debug|Any CPU.ActiveCfg = Debug|Any CPU
		{228DDF0B-CFB4-42AA-89AC-7E26BEF62195}.Debug|Any CPU.Build.0 = Debug|Any CPU
		{228DDF0B-CFB4-42AA-89AC-7E26BEF62195}.Release|Any CPU.ActiveCfg = Release|Any CPU
		{228DDF0B-CFB4-42AA-89AC-7E26BEF62195}.Release|Any CPU.Build.0 = Release|Any CPU
		{C744D94B-BB8E-447C-B46A-B20BC2D0F31F}.Debug|Any CPU.ActiveCfg = Debug|Any CPU
		{C744D94B-BB8E-447C-B46A-B20BC2D0F31F}.Debug|Any CPU.Build.0 = Debug|Any CPU
		{C744D94B-BB8E-447C-B46A-B20BC2D0F31F}.Release|Any CPU.ActiveCfg = Release|Any CPU
		{C744D94B-BB8E-447C-B46A-B20BC2D0F31F}.Release|Any CPU.Build.0 = Release|Any CPU
	EndGlobalSection
	GlobalSection(SolutionProperties) = preSolution
		HideSolutionNode = FALSE
	EndGlobalSection
	GlobalSection(ExtensibilityGlobals) = postSolution
		SolutionGuid = {46E07C59-F8BB-4162-BF16-D3BB90722824}
	EndGlobalSection
EndGlobal
